# THIS IS AN AUTOGENERATED FILE. DO NOT EDIT THIS FILE DIRECTLY.
# yarn lockfile v1


indicative@^5.0.8:
  version "5.0.8"
  resolved "https://registry.yarnpkg.com/indicative/-/indicative-5.0.8.tgz#e635f6c0838ced1a949bc898e5f8316f6291be1e"
  integrity sha512-Do9YKlrxyvK6RpMs9AdtxmjhweKrA6hJbJejY81iD8aYjjvOU4HYkJcM2IUxC3S7ZRm/L11u67QT4OQ101N5HQ==
